	<Project xmlns="http://schemas.microsoft.com/developer/msbuild/2003">
		<PropertyGroup>
			<ProjectGuid>{44A7AE91-162E-45C9-84D4-51A50AB72A6F}</ProjectGuid>
			<ProjectVersion>12.0</ProjectVersion>
			<MainSource>hJOPpanel.dpr</MainSource>
			<Config Condition="'$(Config)'==''">Debug</Config>
			<DCC_DCCCompiler>DCC32</DCC_DCCCompiler>
		</PropertyGroup>
		<PropertyGroup Condition="'$(Config)'=='Base' or '$(Base)'!=''">
			<Base>true</Base>
		</PropertyGroup>
		<PropertyGroup Condition="'$(Config)'=='Release' or '$(Cfg_1)'!=''">
			<Cfg_1>true</Cfg_1>
			<CfgParent>Base</CfgParent>
			<Base>true</Base>
		</PropertyGroup>
		<PropertyGroup Condition="'$(Config)'=='Debug' or '$(Cfg_2)'!=''">
			<Cfg_2>true</Cfg_2>
			<CfgParent>Base</CfgParent>
			<Base>true</Base>
		</PropertyGroup>
		<PropertyGroup Condition="'$(Base)'!=''">
			<DCC_DcuOutput>..\Outunit\</DCC_DcuOutput>
			<DCC_ExeOutput>..\Output\</DCC_ExeOutput>
			<DCC_DependencyCheckOutputName>..\Output\hJOPpanel.exe</DCC_DependencyCheckOutputName>
			<DCC_ImageBase>00400000</DCC_ImageBase>
			<DCC_BplOutput>..\Outunit\</DCC_BplOutput>
			<DCC_UnitAlias>WinTypes=Windows;WinProcs=Windows;DbiTypes=BDE;DbiProcs=BDE;DbiErrs=BDE;$(DCC_UnitAlias)</DCC_UnitAlias>
			<DCC_Platform>x86</DCC_Platform>
			<DCC_K>false</DCC_K>
			<DCC_N>false</DCC_N>
			<DCC_S>false</DCC_S>
			<DCC_UsePackage>vcl;rtl;vclx;vclactnband;dbrtl;vcldb;vcldbx;bdertl;dsnap;dsnapcon;TeeUI;TeeDB;Tee;adortl;vclib;ibxpress;IndyCore;IndySystem;IndyProtocols;xmlrtl;inet;intrawebdb_100_120;Intraweb_100_120;VclSmp;vclie;websnap;webdsnap;inetdbbde;inetdbxpress;soaprtl;vclribbon;DbxCommonDriver;DbxClientDriver;DBXInterBaseDriver;DBXMySQLDriver;dbexpress;dbxcds;DelphiX190;CPortLibD2009</DCC_UsePackage>
			<DCC_E>false</DCC_E>
			<DCC_F>false</DCC_F>
		</PropertyGroup>
		<PropertyGroup Condition="'$(Cfg_1)'!=''">
			<DCC_LocalDebugSymbols>false</DCC_LocalDebugSymbols>
			<DCC_Define>RELEASE;$(DCC_Define)</DCC_Define>
			<DCC_SymbolReferenceInfo>0</DCC_SymbolReferenceInfo>
			<DCC_DebugInformation>false</DCC_DebugInformation>
		</PropertyGroup>
		<PropertyGroup Condition="'$(Cfg_2)'!=''">
			<DCC_MapFile>3</DCC_MapFile>
			<DCC_Define>DEBUG;$(DCC_Define)</DCC_Define>
		</PropertyGroup>
		<ItemGroup>
			<DelphiCompile Include="hJOPpanel.dpr">
				<MainSource>MainSource</MainSource>
			</DelphiCompile>
			<DCCReference Include="fMain.pas">
				<Form>F_Main</Form>
			</DCCReference>
			<DCCReference Include="GlobalConfig.pas"/>
			<DCCReference Include="Panel.pas"/>
			<DCCReference Include="fPotvrSekv.pas"/>
			<DCCReference Include="RPConst.pas"/>
			<DCCReference Include="BottomErrors.pas"/>
			<DCCReference Include="Sounds.pas"/>
			<DCCReference Include="SoundsThread.pas"/>
			<DCCReference Include="TCPClientPanel.pas"/>
			<DCCReference Include="ListeningThread.pas"/>
			<DCCReference Include="fStitVyl.pas"/>
			<DCCReference Include="MenuPanel.pas"/>
			<DCCReference Include="Symbols.pas"/>
			<DCCReference Include="Debug.pas">
				<Form>F_Debug</Form>
			</DCCReference>
			<DCCReference Include="PGraphics.pas"/>
			<DCCReference Include="fSettings.pas">
				<Form>F_Settings</Form>
			</DCCReference>
			<DCCReference Include="fSplash.pas">
				<Form>F_splash</Form>
			</DCCReference>
			<DCCReference Include="fSprEdit.pas">
				<Form>F_SoupravaEdit</Form>
			</DCCReference>
			<DCCReference Include="fSprHelp.pas">
				<Form>F_SprHelp</Form>
			</DCCReference>
			<DCCReference Include="fZpravy.pas">
				<Form>F_Messages</Form>
			</DCCReference>
			<DCCReference Include="ORList.pas"/>
			<DCCReference Include="fZprava.pas">
				<Form>F_Message</Form>
			</DCCReference>
			<DCCReference Include="HVDb.pas"/>
			<DCCReference Include="fHVMoveSt.pas">
				<Form>F_HV_Move</Form>
			</DCCReference>
			<DCCReference Include="fSprHVEdit.pas">
				<Form>F_SprHVEdit</Form>
			</DCCReference>
			<DCCReference Include="CloseTabSheet.pas"/>
			<DCCReference Include="fAuth.pas">
				<Form>F_Auth</Form>
			</DCCReference>
			<DCCReference Include="fHVEdit.pas">
				<Form>F_HVEdit</Form>
			</DCCReference>
			<DCCReference Include="fHVDelete.pas">
				<Form>F_HVDelete</Form>
			</DCCReference>
			<DCCReference Include="Zasobnik.pas"/>
			<DCCReference Include="UPO.pas"/>
			<DCCReference Include="ModelovyCas.pas"/>
			<DCCReference Include="fNastaveni_Casu.pas">
				<Form>F_ModCasSet</Form>
			</DCCReference>
			<DCCReference Include="DCC_Icons.pas"/>
			<DCCReference Include="fSoupravy.pas">
				<Form>F_SprList</Form>
			</DCCReference>
			<DCCReference Include="LokoRuc.pas"/>
			<DCCReference Include="Resuscitation.pas"/>
			<DCCReference Include="Verze.pas"/>
			<DCCReference Include="fRegReq.pas">
				<Form>F_RegReq</Form>
			</DCCReference>
			<DCCReference Include="fHVPomEdit.pas">
				<Form>F_HV_Pom</Form>
			</DCCReference>
			<DCCReference Include="Hash.pas"/>
			<DCCReference Include="fHVSearch.pas">
				<Form>F_HVSearch</Form>
			</DCCReference>
			<DCCReference Include="uLIclient.pas"/>
			<DCCReference Include="LokTokens.pas"/>
			<DCCReference Include="fSprToSlot.pas">
				<Form>F_SprToSlot</Form>
			</DCCReference>
			<DCCReference Include="InterProcessCom.pas"/>
			<DCCReference Include="parseHelper.pas"/>
			<DCCReference Include="PanelPainter.pas"/>
			<DCCReference Include="BlokUvazka.pas"/>
			<DCCReference Include="BlokUvazkaSpr.pas"/>
			<DCCReference Include="BlokZamek.pas"/>
			<DCCReference Include="BlokPrejezd.pas"/>
			<DCCReference Include="BlokUsek.pas"/>
			<DCCReference Include="PanelOR.pas"/>
			<DCCReference Include="BlokVyhybka.pas"/>
			<DCCReference Include="BlokNavestidlo.pas"/>
			<DCCReference Include="BlokyUsek.pas"/>
			<DCCReference Include="BlokyVyhybka.pas"/>
			<DCCReference Include="BlokVykolejka.pas"/>
			<DCCReference Include="BlokRozp.pas"/>
			<DCCReference Include="BlokPopisek.pas"/>
			<DCCReference Include="BlokPomocny.pas"/>
			<BuildConfiguration Include="Base">
				<Key>Base</Key>
			</BuildConfiguration>
			<BuildConfiguration Include="Debug">
				<Key>Cfg_2</Key>
				<CfgParent>Base</CfgParent>
			</BuildConfiguration>
			<BuildConfiguration Include="Release">
				<Key>Cfg_1</Key>
				<CfgParent>Base</CfgParent>
			</BuildConfiguration>
		</ItemGroup>
		<Import Project="$(BDS)\Bin\CodeGear.Delphi.Targets" Condition="Exists('$(BDS)\Bin\CodeGear.Delphi.Targets')"/>
		<PropertyGroup>
			<PreBuildEvent><![CDATA[rm $(PROJECTDIR)/../outunit/*]]></PreBuildEvent>
		</PropertyGroup>
		<ProjectExtensions>
			<Borland.Personality>Delphi.Personality.12</Borland.Personality>
			<Borland.ProjectType/>
			<BorlandProject>
				<Delphi.Personality>
					<Source>
						<Source Name="MainSource">hJOPpanel.dpr</Source>
					</Source>
					<Parameters>
						<Parameters Name="UseLauncher">False</Parameters>
						<Parameters Name="LoadAllSymbols">True</Parameters>
						<Parameters Name="LoadUnspecifiedSymbols">False</Parameters>
						<Parameters Name="RunParams">panely/Klobouky.ini</Parameters>
					</Parameters>
					<VersionInfo>
						<VersionInfo Name="IncludeVerInfo">True</VersionInfo>
						<VersionInfo Name="AutoIncBuild">True</VersionInfo>
						<VersionInfo Name="MajorVer">1</VersionInfo>
						<VersionInfo Name="MinorVer">7</VersionInfo>
						<VersionInfo Name="Release">0</VersionInfo>
						<VersionInfo Name="Build">0</VersionInfo>
						<VersionInfo Name="Debug">False</VersionInfo>
						<VersionInfo Name="PreRelease">False</VersionInfo>
						<VersionInfo Name="Special">False</VersionInfo>
						<VersionInfo Name="Private">False</VersionInfo>
						<VersionInfo Name="DLL">False</VersionInfo>
						<VersionInfo Name="Locale">1029</VersionInfo>
						<VersionInfo Name="CodePage">1250</VersionInfo>
					</VersionInfo>
					<VersionInfoKeys>
						<VersionInfoKeys Name="CompanyName"/>
						<VersionInfoKeys Name="FileDescription">Panel stanice hJOP</VersionInfoKeys>
						<VersionInfoKeys Name="FileVersion">1.7.0.0</VersionInfoKeys>
						<VersionInfoKeys Name="InternalName">hJOPpanel.exe</VersionInfoKeys>
						<VersionInfoKeys Name="LegalCopyright">Jan Horáček</VersionInfoKeys>
						<VersionInfoKeys Name="LegalTrademarks">Jan Horáček</VersionInfoKeys>
						<VersionInfoKeys Name="OriginalFilename">hJOPpanel.exe</VersionInfoKeys>
						<VersionInfoKeys Name="ProductName">hJOPpanel</VersionInfoKeys>
						<VersionInfoKeys Name="ProductVersion">1.0.0.0</VersionInfoKeys>
						<VersionInfoKeys Name="Comments"/>
					</VersionInfoKeys>
					<Excluded_Packages>
						<Excluded_Packages Name="$(BDS)\bin\dcloffice2k120.bpl">Microsoft Office 2000 Sample Automation Server Wrapper Components</Excluded_Packages>
						<Excluded_Packages Name="$(BDS)\bin\dclofficexp120.bpl">Microsoft Office XP Sample Automation Server Wrapper Components</Excluded_Packages>
					</Excluded_Packages>
				</Delphi.Personality>
			</BorlandProject>
			<ProjectFileVersion>12</ProjectFileVersion>
		</ProjectExtensions>
	</Project>
